
Microsoft Visual Studio Solution File, Format Version 12.00
# Visual Studio 15
VisualStudioVersion = 15.0.28307.757
MinimumVisualStudioVersion = 10.0.40219.1
Project("{9A19103F-16F7-4668-BE54-9A1E7A4F7556}") = "LibVisLib", "LibVisLib\LibVisLib.csproj", "{DC822A61-3FC7-48DB-9E24-D9E2FFC302D0}"
EndProject
Global
	GlobalSection(SolutionConfigurationPlatforms) = preSolution
		Debug|Any CPU = Debug|Any CPU
		Debug|x64 = Debug|x64
		Debug|x86 = Debug|x86
		Release|Any CPU = Release|Any CPU
		Release|x64 = Release|x64
		Release|x86 = Release|x86
	EndGlobalSection
	GlobalSection(ProjectConfigurationPlatforms) = postSolution
		{DC822A61-3FC7-48DB-9E24-D9E2FFC302D0}.Debug|Any CPU.ActiveCfg = Debug|Any CPU
		{DC822A61-3FC7-48DB-9E24-D9E2FFC302D0}.Debug|Any CPU.Build.0 = Debug|Any CPU
		{DC822A61-3FC7-48DB-9E24-D9E2FFC302D0}.Debug|x64.ActiveCfg = Debug|Any CPU
		{DC822A61-3FC7-48DB-9E24-D9E2FFC302D0}.Debug|x64.Build.0 = Debug|Any CPU
		{DC822A61-3FC7-48DB-9E24-D9E2FFC302D0}.Debug|x86.ActiveCfg = Debug|Any CPU
		{DC822A61-3FC7-48DB-9E24-D9E2FFC302D0}.Debug|x86.Build.0 = Debug|Any CPU
		{DC822A61-3FC7-48DB-9E24-D9E2FFC302D0}.Release|Any CPU.ActiveCfg = Release|Any CPU
		{DC822A61-3FC7-48DB-9E24-D9E2FFC302D0}.Release|Any CPU.Build.0 = Release|Any CPU
		{DC822A61-3FC7-48DB-9E24-D9E2FFC302D0}.Release|x64.ActiveCfg = Release|Any CPU
		{DC822A61-3FC7-48DB-9E24-D9E2FFC302D0}.Release|x64.Build.0 = Release|Any CPU
		{DC822A61-3FC7-48DB-9E24-D9E2FFC302D0}.Release|x86.ActiveCfg = Release|Any CPU
		{DC822A61-3FC7-48DB-9E24-D9E2FFC302D0}.Release|x86.Build.0 = Release|Any CPU
	EndGlobalSection
	GlobalSection(SolutionProperties) = preSolution
		HideSolutionNode = FALSE
	EndGlobalSection
	GlobalSection(ExtensibilityGlobals) = postSolution
		SolutionGuid = {FC140F36-1CBE-427B-B509-4288BE8AC2A3}
	EndGlobalSection
EndGlobal
